
Microsoft Visual Studio Solution File, Format Version 12.00
# Visual Studio Version 17
VisualStudioVersion = 17.3.32901.215
MinimumVisualStudioVersion = 10.0.40219.1
Project("{9A19103F-16F7-4668-BE54-9A1E7A4F7556}") = "Community.PowerToys.Run.Plugin.Dice", "src\Community.PowerToys.Run.Plugin.Dice\Community.PowerToys.Run.Plugin.Dice.csproj", "{0F4BB73A-FFC7-4B6D-A675-C3196753D7C7}"
EndProject
Project("{9A19103F-16F7-4668-BE54-9A1E7A4F7556}") = "Community.PowerToys.Run.Plugin.Dice.UnitTests", "src\Community.PowerToys.Run.Plugin.Dice.UnitTests\Community.PowerToys.Run.Plugin.Dice.UnitTests.csproj", "{4CF48082-8588-446A-A01D-A4AC7E99F892}"
EndProject
Project("{9A19103F-16F7-4668-BE54-9A1E7A4F7556}") = "Community.PowerToys.Run.Plugin.Bang", "src\Community.PowerToys.Run.Plugin.Bang\Community.PowerToys.Run.Plugin.Bang.csproj", "{485EB5D9-8418-4DC6-A303-B149F9894901}"
EndProject
Project("{9A19103F-16F7-4668-BE54-9A1E7A4F7556}") = "Community.PowerToys.Run.Plugin.Bang.UnitTests", "src\Community.PowerToys.Run.Plugin.Bang.UnitTests\Community.PowerToys.Run.Plugin.Bang.UnitTests.csproj", "{A65BE091-6970-43F2-AFC3-73625A2274E9}"
EndProject
Project("{9A19103F-16F7-4668-BE54-9A1E7A4F7556}") = "Community.PowerToys.Run.Plugin.Need", "src\Community.PowerToys.Run.Plugin.Need\Community.PowerToys.Run.Plugin.Need.csproj", "{FD04CDF5-AA3F-4C92-85D6-092505402A8F}"
EndProject
Project("{9A19103F-16F7-4668-BE54-9A1E7A4F7556}") = "Community.PowerToys.Run.Plugin.Need.UnitTests", "src\Community.PowerToys.Run.Plugin.Need.UnitTests\Community.PowerToys.Run.Plugin.Need.UnitTests.csproj", "{FB8EC19D-114B-4C85-9A96-99604A8F49B9}"
EndProject
Project("{9A19103F-16F7-4668-BE54-9A1E7A4F7556}") = "Community.PowerToys.Run.Plugin.Twitch", "src\Community.PowerToys.Run.Plugin.Twitch\Community.PowerToys.Run.Plugin.Twitch.csproj", "{97E5391D-DA1F-40A5-A6BA-5131E6C08784}"
EndProject
Project("{9A19103F-16F7-4668-BE54-9A1E7A4F7556}") = "Community.PowerToys.Run.Plugin.Twitch.UnitTests", "src\Community.PowerToys.Run.Plugin.Twitch.UnitTests\Community.PowerToys.Run.Plugin.Twitch.UnitTests.csproj", "{76B97BE0-0B45-42E3-A884-19E171F71EA0}"
EndProject
Project("{9A19103F-16F7-4668-BE54-9A1E7A4F7556}") = "Community.PowerToys.Run.Plugin.DenCode", "src\Community.PowerToys.Run.Plugin.DenCode\Community.PowerToys.Run.Plugin.DenCode.csproj", "{455AA804-12CF-49FA-A681-BF08B91C040F}"
EndProject
Project("{9A19103F-16F7-4668-BE54-9A1E7A4F7556}") = "Community.PowerToys.Run.Plugin.DenCode.UnitTests", "src\Community.PowerToys.Run.Plugin.DenCode.UnitTests\Community.PowerToys.Run.Plugin.DenCode.UnitTests.csproj", "{BA33AC73-DB36-49E9-9FA9-C309BA818E8F}"
EndProject
Project("{FAE04EC0-301F-11D3-BF4B-00C04F79EFBC}") = "Community.PowerToys.Run.Plugin.MobTimer", "src\Community.PowerToys.Run.Plugin.MobTimer\Community.PowerToys.Run.Plugin.MobTimer.csproj", "{956C4880-6C53-87C5-B3F9-E339C319EB65}"
EndProject
Project("{FAE04EC0-301F-11D3-BF4B-00C04F79EFBC}") = "Community.PowerToys.Run.Plugin.MobTimer.UnitTests", "src\Community.PowerToys.Run.Plugin.MobTimer.UnitTests\Community.PowerToys.Run.Plugin.MobTimer.UnitTests.csproj", "{10886CC4-8E0E-9661-F25E-F15F1544302F}"
EndProject
Global
	GlobalSection(SolutionConfigurationPlatforms) = preSolution
		Debug|ARM64 = Debug|ARM64
		Debug|x64 = Debug|x64
		Release|ARM64 = Release|ARM64
		Release|x64 = Release|x64
	EndGlobalSection
	GlobalSection(ProjectConfigurationPlatforms) = postSolution
		{0F4BB73A-FFC7-4B6D-A675-C3196753D7C7}.Debug|ARM64.ActiveCfg = Debug|ARM64
		{0F4BB73A-FFC7-4B6D-A675-C3196753D7C7}.Debug|ARM64.Build.0 = Debug|ARM64
		{0F4BB73A-FFC7-4B6D-A675-C3196753D7C7}.Debug|x64.ActiveCfg = Debug|x64
		{0F4BB73A-FFC7-4B6D-A675-C3196753D7C7}.Debug|x64.Build.0 = Debug|x64
		{0F4BB73A-FFC7-4B6D-A675-C3196753D7C7}.Release|ARM64.ActiveCfg = Release|ARM64
		{0F4BB73A-FFC7-4B6D-A675-C3196753D7C7}.Release|ARM64.Build.0 = Release|ARM64
		{0F4BB73A-FFC7-4B6D-A675-C3196753D7C7}.Release|x64.ActiveCfg = Release|x64
		{0F4BB73A-FFC7-4B6D-A675-C3196753D7C7}.Release|x64.Build.0 = Release|x64
		{4CF48082-8588-446A-A01D-A4AC7E99F892}.Debug|ARM64.ActiveCfg = Debug|ARM64
		{4CF48082-8588-446A-A01D-A4AC7E99F892}.Debug|ARM64.Build.0 = Debug|ARM64
		{4CF48082-8588-446A-A01D-A4AC7E99F892}.Debug|x64.ActiveCfg = Debug|x64
		{4CF48082-8588-446A-A01D-A4AC7E99F892}.Debug|x64.Build.0 = Debug|x64
		{4CF48082-8588-446A-A01D-A4AC7E99F892}.Release|ARM64.ActiveCfg = Release|ARM64
		{4CF48082-8588-446A-A01D-A4AC7E99F892}.Release|ARM64.Build.0 = Release|ARM64
		{4CF48082-8588-446A-A01D-A4AC7E99F892}.Release|x64.ActiveCfg = Release|x64
		{4CF48082-8588-446A-A01D-A4AC7E99F892}.Release|x64.Build.0 = Release|x64
		{485EB5D9-8418-4DC6-A303-B149F9894901}.Debug|ARM64.ActiveCfg = Debug|ARM64
		{485EB5D9-8418-4DC6-A303-B149F9894901}.Debug|ARM64.Build.0 = Debug|ARM64
		{485EB5D9-8418-4DC6-A303-B149F9894901}.Debug|x64.ActiveCfg = Debug|x64
		{485EB5D9-8418-4DC6-A303-B149F9894901}.Debug|x64.Build.0 = Debug|x64
		{485EB5D9-8418-4DC6-A303-B149F9894901}.Release|ARM64.ActiveCfg = Release|ARM64
		{485EB5D9-8418-4DC6-A303-B149F9894901}.Release|ARM64.Build.0 = Release|ARM64
		{485EB5D9-8418-4DC6-A303-B149F9894901}.Release|x64.ActiveCfg = Release|x64
		{485EB5D9-8418-4DC6-A303-B149F9894901}.Release|x64.Build.0 = Release|x64
		{A65BE091-6970-43F2-AFC3-73625A2274E9}.Debug|ARM64.ActiveCfg = Debug|ARM64
		{A65BE091-6970-43F2-AFC3-73625A2274E9}.Debug|ARM64.Build.0 = Debug|ARM64
		{A65BE091-6970-43F2-AFC3-73625A2274E9}.Debug|x64.ActiveCfg = Debug|x64
		{A65BE091-6970-43F2-AFC3-73625A2274E9}.Debug|x64.Build.0 = Debug|x64
		{A65BE091-6970-43F2-AFC3-73625A2274E9}.Release|ARM64.ActiveCfg = Release|ARM64
		{A65BE091-6970-43F2-AFC3-73625A2274E9}.Release|ARM64.Build.0 = Release|ARM64
		{A65BE091-6970-43F2-AFC3-73625A2274E9}.Release|x64.ActiveCfg = Release|x64
		{A65BE091-6970-43F2-AFC3-73625A2274E9}.Release|x64.Build.0 = Release|x64
		{FD04CDF5-AA3F-4C92-85D6-092505402A8F}.Debug|ARM64.ActiveCfg = Debug|ARM64
		{FD04CDF5-AA3F-4C92-85D6-092505402A8F}.Debug|ARM64.Build.0 = Debug|ARM64
		{FD04CDF5-AA3F-4C92-85D6-092505402A8F}.Debug|x64.ActiveCfg = Debug|x64
		{FD04CDF5-AA3F-4C92-85D6-092505402A8F}.Debug|x64.Build.0 = Debug|x64
		{FD04CDF5-AA3F-4C92-85D6-092505402A8F}.Release|ARM64.ActiveCfg = Release|ARM64
		{FD04CDF5-AA3F-4C92-85D6-092505402A8F}.Release|ARM64.Build.0 = Release|ARM64
		{FD04CDF5-AA3F-4C92-85D6-092505402A8F}.Release|x64.ActiveCfg = Release|x64
		{FD04CDF5-AA3F-4C92-85D6-092505402A8F}.Release|x64.Build.0 = Release|x64
		{FB8EC19D-114B-4C85-9A96-99604A8F49B9}.Debug|ARM64.ActiveCfg = Debug|ARM64
		{FB8EC19D-114B-4C85-9A96-99604A8F49B9}.Debug|ARM64.Build.0 = Debug|ARM64
		{FB8EC19D-114B-4C85-9A96-99604A8F49B9}.Debug|x64.ActiveCfg = Debug|x64
		{FB8EC19D-114B-4C85-9A96-99604A8F49B9}.Debug|x64.Build.0 = Debug|x64
		{FB8EC19D-114B-4C85-9A96-99604A8F49B9}.Release|ARM64.ActiveCfg = Release|ARM64
		{FB8EC19D-114B-4C85-9A96-99604A8F49B9}.Release|ARM64.Build.0 = Release|ARM64
		{FB8EC19D-114B-4C85-9A96-99604A8F49B9}.Release|x64.ActiveCfg = Release|x64
		{FB8EC19D-114B-4C85-9A96-99604A8F49B9}.Release|x64.Build.0 = Release|x64
		{97E5391D-DA1F-40A5-A6BA-5131E6C08784}.Debug|ARM64.ActiveCfg = Debug|ARM64
		{97E5391D-DA1F-40A5-A6BA-5131E6C08784}.Debug|ARM64.Build.0 = Debug|ARM64
		{97E5391D-DA1F-40A5-A6BA-5131E6C08784}.Debug|x64.ActiveCfg = Debug|x64
		{97E5391D-DA1F-40A5-A6BA-5131E6C08784}.Debug|x64.Build.0 = Debug|x64
		{97E5391D-DA1F-40A5-A6BA-5131E6C08784}.Release|ARM64.ActiveCfg = Release|ARM64
		{97E5391D-DA1F-40A5-A6BA-5131E6C08784}.Release|ARM64.Build.0 = Release|ARM64
		{97E5391D-DA1F-40A5-A6BA-5131E6C08784}.Release|x64.ActiveCfg = Release|x64
		{97E5391D-DA1F-40A5-A6BA-5131E6C08784}.Release|x64.Build.0 = Release|x64
		{76B97BE0-0B45-42E3-A884-19E171F71EA0}.Debug|ARM64.ActiveCfg = Debug|ARM64
		{76B97BE0-0B45-42E3-A884-19E171F71EA0}.Debug|ARM64.Build.0 = Debug|ARM64
		{76B97BE0-0B45-42E3-A884-19E171F71EA0}.Debug|x64.ActiveCfg = Debug|x64
		{76B97BE0-0B45-42E3-A884-19E171F71EA0}.Debug|x64.Build.0 = Debug|x64
		{76B97BE0-0B45-42E3-A884-19E171F71EA0}.Release|ARM64.ActiveCfg = Release|ARM64
		{76B97BE0-0B45-42E3-A884-19E171F71EA0}.Release|ARM64.Build.0 = Release|ARM64
		{76B97BE0-0B45-42E3-A884-19E171F71EA0}.Release|x64.ActiveCfg = Release|x64
		{76B97BE0-0B45-42E3-A884-19E171F71EA0}.Release|x64.Build.0 = Release|x64
		{455AA804-12CF-49FA-A681-BF08B91C040F}.Debug|ARM64.ActiveCfg = Debug|ARM64
		{455AA804-12CF-49FA-A681-BF08B91C040F}.Debug|ARM64.Build.0 = Debug|ARM64
		{455AA804-12CF-49FA-A681-BF08B91C040F}.Debug|x64.ActiveCfg = Debug|x64
		{455AA804-12CF-49FA-A681-BF08B91C040F}.Debug|x64.Build.0 = Debug|x64
		{455AA804-12CF-49FA-A681-BF08B91C040F}.Release|ARM64.ActiveCfg = Release|ARM64
		{455AA804-12CF-49FA-A681-BF08B91C040F}.Release|ARM64.Build.0 = Release|ARM64
		{455AA804-12CF-49FA-A681-BF08B91C040F}.Release|x64.ActiveCfg = Release|x64
		{455AA804-12CF-49FA-A681-BF08B91C040F}.Release|x64.Build.0 = Release|x64
		{BA33AC73-DB36-49E9-9FA9-C309BA818E8F}.Debug|ARM64.ActiveCfg = Debug|ARM64
		{BA33AC73-DB36-49E9-9FA9-C309BA818E8F}.Debug|ARM64.Build.0 = Debug|ARM64
		{BA33AC73-DB36-49E9-9FA9-C309BA818E8F}.Debug|x64.ActiveCfg = Debug|x64
		{BA33AC73-DB36-49E9-9FA9-C309BA818E8F}.Debug|x64.Build.0 = Debug|x64
		{BA33AC73-DB36-49E9-9FA9-C309BA818E8F}.Release|ARM64.ActiveCfg = Release|ARM64
		{BA33AC73-DB36-49E9-9FA9-C309BA818E8F}.Release|ARM64.Build.0 = Release|ARM64
		{BA33AC73-DB36-49E9-9FA9-C309BA818E8F}.Release|x64.ActiveCfg = Release|x64
		{BA33AC73-DB36-49E9-9FA9-C309BA818E8F}.Release|x64.Build.0 = Release|x64
		{956C4880-6C53-87C5-B3F9-E339C319EB65}.Debug|ARM64.ActiveCfg = Debug|ARM64
		{956C4880-6C53-87C5-B3F9-E339C319EB65}.Debug|ARM64.Build.0 = Debug|ARM64
		{956C4880-6C53-87C5-B3F9-E339C319EB65}.Debug|x64.ActiveCfg = Debug|x64
		{956C4880-6C53-87C5-B3F9-E339C319EB65}.Debug|x64.Build.0 = Debug|x64
		{956C4880-6C53-87C5-B3F9-E339C319EB65}.Release|ARM64.ActiveCfg = Release|ARM64
		{956C4880-6C53-87C5-B3F9-E339C319EB65}.Release|ARM64.Build.0 = Release|ARM64
		{956C4880-6C53-87C5-B3F9-E339C319EB65}.Release|x64.ActiveCfg = Release|x64
		{956C4880-6C53-87C5-B3F9-E339C319EB65}.Release|x64.Build.0 = Release|x64
		{10886CC4-8E0E-9661-F25E-F15F1544302F}.Debug|ARM64.ActiveCfg = Debug|ARM64
		{10886CC4-8E0E-9661-F25E-F15F1544302F}.Debug|ARM64.Build.0 = Debug|ARM64
		{10886CC4-8E0E-9661-F25E-F15F1544302F}.Debug|x64.ActiveCfg = Debug|x64
		{10886CC4-8E0E-9661-F25E-F15F1544302F}.Debug|x64.Build.0 = Debug|x64
		{10886CC4-8E0E-9661-F25E-F15F1544302F}.Release|ARM64.ActiveCfg = Release|ARM64
		{10886CC4-8E0E-9661-F25E-F15F1544302F}.Release|ARM64.Build.0 = Release|ARM64
		{10886CC4-8E0E-9661-F25E-F15F1544302F}.Release|x64.ActiveCfg = Release|x64
		{10886CC4-8E0E-9661-F25E-F15F1544302F}.Release|x64.Build.0 = Release|x64
	EndGlobalSection
	GlobalSection(SolutionProperties) = preSolution
		HideSolutionNode = FALSE
	EndGlobalSection
	GlobalSection(ExtensibilityGlobals) = postSolution
		SolutionGuid = {6134623C-F3A4-4EF1-9F4D-9DE2CC8C6EF9}
	EndGlobalSection
EndGlobal
