
Microsoft Visual Studio Solution File, Format Version 12.00
# Visual Studio Version 17
VisualStudioVersion = 17.3.32901.215
MinimumVisualStudioVersion = 10.0.40219.1
Project("{9A19103F-16F7-4668-BE54-9A1E7A4F7556}") = "Community.PowerToys.Run.Plugin.Dice", "src\Community.PowerToys.Run.Plugin.Dice\Community.PowerToys.Run.Plugin.Dice.csproj", "{0F4BB73A-FFC7-4B6D-A675-C3196753D7C7}"
EndProject
Project("{9A19103F-16F7-4668-BE54-9A1E7A4F7556}") = "Community.PowerToys.Run.Plugin.Dice.UnitTests", "src\Community.PowerToys.Run.Plugin.Dice.UnitTests\Community.PowerToys.Run.Plugin.Dice.UnitTests.csproj", "{4CF48082-8588-446A-A01D-A4AC7E99F892}"
EndProject
Project("{FAE04EC0-301F-11D3-BF4B-00C04F79EFBC}") = "Community.PowerToys.Run.Plugin.Bang", "src\Community.PowerToys.Run.Plugin.Bang\Community.PowerToys.Run.Plugin.Bang.csproj", "{485EB5D9-8418-4DC6-A303-B149F9894901}"
EndProject
Project("{FAE04EC0-301F-11D3-BF4B-00C04F79EFBC}") = "Community.PowerToys.Run.Plugin.Bang.UnitTests", "src\Community.PowerToys.Run.Plugin.Bang.UnitTests\Community.PowerToys.Run.Plugin.Bang.UnitTests.csproj", "{A65BE091-6970-43F2-AFC3-73625A2274E9}"
EndProject
Global
	GlobalSection(SolutionConfigurationPlatforms) = preSolution
		Debug|Any CPU = Debug|Any CPU
		Release|Any CPU = Release|Any CPU
	EndGlobalSection
	GlobalSection(ProjectConfigurationPlatforms) = postSolution
		{0F4BB73A-FFC7-4B6D-A675-C3196753D7C7}.Debug|Any CPU.ActiveCfg = Debug|x64
		{0F4BB73A-FFC7-4B6D-A675-C3196753D7C7}.Debug|Any CPU.Build.0 = Debug|x64
		{0F4BB73A-FFC7-4B6D-A675-C3196753D7C7}.Release|Any CPU.ActiveCfg = Release|Any CPU
		{0F4BB73A-FFC7-4B6D-A675-C3196753D7C7}.Release|Any CPU.Build.0 = Release|Any CPU
		{4CF48082-8588-446A-A01D-A4AC7E99F892}.Debug|Any CPU.ActiveCfg = Debug|x64
		{4CF48082-8588-446A-A01D-A4AC7E99F892}.Debug|Any CPU.Build.0 = Debug|x64
		{4CF48082-8588-446A-A01D-A4AC7E99F892}.Release|Any CPU.ActiveCfg = Release|Any CPU
		{4CF48082-8588-446A-A01D-A4AC7E99F892}.Release|Any CPU.Build.0 = Release|Any CPU
		{485EB5D9-8418-4DC6-A303-B149F9894901}.Debug|Any CPU.ActiveCfg = Debug|Any CPU
		{485EB5D9-8418-4DC6-A303-B149F9894901}.Debug|Any CPU.Build.0 = Debug|Any CPU
		{485EB5D9-8418-4DC6-A303-B149F9894901}.Release|Any CPU.ActiveCfg = Release|Any CPU
		{485EB5D9-8418-4DC6-A303-B149F9894901}.Release|Any CPU.Build.0 = Release|Any CPU
		{A65BE091-6970-43F2-AFC3-73625A2274E9}.Debug|Any CPU.ActiveCfg = Debug|Any CPU
		{A65BE091-6970-43F2-AFC3-73625A2274E9}.Debug|Any CPU.Build.0 = Debug|Any CPU
		{A65BE091-6970-43F2-AFC3-73625A2274E9}.Release|Any CPU.ActiveCfg = Release|Any CPU
		{A65BE091-6970-43F2-AFC3-73625A2274E9}.Release|Any CPU.Build.0 = Release|Any CPU
	EndGlobalSection
	GlobalSection(SolutionProperties) = preSolution
		HideSolutionNode = FALSE
	EndGlobalSection
	GlobalSection(ExtensibilityGlobals) = postSolution
		SolutionGuid = {6134623C-F3A4-4EF1-9F4D-9DE2CC8C6EF9}
	EndGlobalSection
EndGlobal
